
Microsoft Visual Studio Solution File, Format Version 12.00
# Visual Studio Version 18
VisualStudioVersion = 18.3.11312.210 d18.3
MinimumVisualStudioVersion = 10.0.40219.1
Project("{FAE04EC0-301F-11D3-BF4B-00C04F79EFBC}") = "AssistantDemoExtension", "AssistantDemoExtension.csproj", "{7C49CB71-22FB-B733-D453-57A60FF05D94}"
EndProject
Global
	GlobalSection(SolutionConfigurationPlatforms) = preSolution
		Debug|Any CPU = Debug|Any CPU
		Release|Any CPU = Release|Any CPU
	EndGlobalSection
	GlobalSection(ProjectConfigurationPlatforms) = postSolution
		{7C49CB71-22FB-B733-D453-57A60FF05D94}.Debug|Any CPU.ActiveCfg = Debug|Any CPU
		{7C49CB71-22FB-B733-D453-57A60FF05D94}.Debug|Any CPU.Build.0 = Debug|Any CPU
		{7C49CB71-22FB-B733-D453-57A60FF05D94}.Release|Any CPU.ActiveCfg = Release|Any CPU
		{7C49CB71-22FB-B733-D453-57A60FF05D94}.Release|Any CPU.Build.0 = Release|Any CPU
	EndGlobalSection
	GlobalSection(SolutionProperties) = preSolution
		HideSolutionNode = FALSE
	EndGlobalSection
	GlobalSection(ExtensibilityGlobals) = postSolution
		SolutionGuid = {738C5B9F-C29F-41EC-A01D-E470AA628593}
	EndGlobalSection
EndGlobal
