
Microsoft Visual Studio Solution File, Format Version 12.00
# Visual Studio Version 18
VisualStudioVersion = 18.6.11723.189 insiders
MinimumVisualStudioVersion = 10.0.40219.1
Project("{FAE04EC0-301F-11D3-BF4B-00C04F79EFBC}") = "DaluxCloudDownload", "DaluxCloudDownload.csproj", "{600A3091-A423-A0D4-0BD6-FA90B5C41728}"
EndProject
Global
	GlobalSection(SolutionConfigurationPlatforms) = preSolution
		Debug|Any CPU = Debug|Any CPU
		Release|Any CPU = Release|Any CPU
	EndGlobalSection
	GlobalSection(ProjectConfigurationPlatforms) = postSolution
		{600A3091-A423-A0D4-0BD6-FA90B5C41728}.Debug|Any CPU.ActiveCfg = Debug|Any CPU
		{600A3091-A423-A0D4-0BD6-FA90B5C41728}.Debug|Any CPU.Build.0 = Debug|Any CPU
		{600A3091-A423-A0D4-0BD6-FA90B5C41728}.Release|Any CPU.ActiveCfg = Release|Any CPU
		{600A3091-A423-A0D4-0BD6-FA90B5C41728}.Release|Any CPU.Build.0 = Release|Any CPU
	EndGlobalSection
	GlobalSection(SolutionProperties) = preSolution
		HideSolutionNode = FALSE
	EndGlobalSection
	GlobalSection(ExtensibilityGlobals) = postSolution
		SolutionGuid = {82EC24C4-D78A-4153-ADDA-BA9DF8F2CC27}
	EndGlobalSection
EndGlobal
